
Microsoft Visual Studio Solution File, Format Version 11.00
# Visual Studio 2010
Project("{FAE04EC0-301F-11D3-BF4B-00C04F79EFBC}") = "ITinTheDWebSite", "ITinTheDWebSite\ITinTheDWebSite.csproj", "{EE9BCB3C-187E-441A-BF00-1508605BEDA1}"
EndProject
Global
	GlobalSection(SolutionConfigurationPlatforms) = preSolution
		Debug|Any CPU = Debug|Any CPU
		Release|Any CPU = Release|Any CPU
	EndGlobalSection
	GlobalSection(ProjectConfigurationPlatforms) = postSolution
		{EE9BCB3C-187E-441A-BF00-1508605BEDA1}.Debug|Any CPU.ActiveCfg = Debug|Any CPU
		{EE9BCB3C-187E-441A-BF00-1508605BEDA1}.Debug|Any CPU.Build.0 = Debug|Any CPU
		{EE9BCB3C-187E-441A-BF00-1508605BEDA1}.Release|Any CPU.ActiveCfg = Release|Any CPU
		{EE9BCB3C-187E-441A-BF00-1508605BEDA1}.Release|Any CPU.Build.0 = Release|Any CPU
	EndGlobalSection
	GlobalSection(SolutionProperties) = preSolution
		HideSolutionNode = FALSE
	EndGlobalSection
EndGlobal
